// !$*UTF8*$!
{
	archiveVersion = 1;
	classes = {
	};
	objectVersion = 46;
	objects = {

/* Begin PBXBuildFile section */
		2C11A7901D13A46B002CBEC2 /* anoww.png in Resources */ = {isa = PBXBuildFile; fileRef = 2C11A78E1D13A46B002CBEC2 /* anoww.png */; };
		2C11A7911D13A46B002CBEC2 /* snow.png in Resources */ = {isa = PBXBuildFile; fileRef = 2C11A78F1D13A46B002CBEC2 /* snow.png */; };
		2C11A7961D13CE4C002CBEC2 /* CoverFlowLayout.swift in Sources */ = {isa = PBXBuildFile; fileRef = 2C11A7951D13CE4C002CBEC2 /* CoverFlowLayout.swift */; };
		2C11A7981D13CE78002CBEC2 /* CollectionViewController.swift in Sources */ = {isa = PBXBuildFile; fileRef = 2C11A7971D13CE78002CBEC2 /* CollectionViewController.swift */; };
		2C11A79A1D13D025002CBEC2 /* CollectionViewController.storyboard in Resources */ = {isa = PBXBuildFile; fileRef = 2C11A7991D13D025002CBEC2 /* CollectionViewController.storyboard */; };
		2C1FD38B1D122BFB009F0D8A /* AppDelegate.swift in Sources */ = {isa = PBXBuildFile; fileRef = 2C1FD38A1D122BFB009F0D8A /* AppDelegate.swift */; };
		2C1FD38D1D122BFB009F0D8A /* ViewController.swift in Sources */ = {isa = PBXBuildFile; fileRef = 2C1FD38C1D122BFB009F0D8A /* ViewController.swift */; };
		2C1FD3921D122BFB009F0D8A /* Assets.xcassets in Resources */ = {isa = PBXBuildFile; fileRef = 2C1FD3911D122BFB009F0D8A /* Assets.xcassets */; };
		2C1FD3951D122BFB009F0D8A /* LaunchScreen.storyboard in Resources */ = {isa = PBXBuildFile; fileRef = 2C1FD3931D122BFB009F0D8A /* LaunchScreen.storyboard */; };
		2C1FD39E1D122D57009F0D8A /* LaunchStartViewController.swift in Sources */ = {isa = PBXBuildFile; fileRef = 2C1FD39D1D122D57009F0D8A /* LaunchStartViewController.swift */; };
		2C1FD3A01D125D60009F0D8A /* LaunchStartViewController.storyboard in Resources */ = {isa = PBXBuildFile; fileRef = 2C1FD39F1D125D60009F0D8A /* LaunchStartViewController.storyboard */; };
		2C1FD3A31D125DB9009F0D8A /* EmitterView.swift in Sources */ = {isa = PBXBuildFile; fileRef = 2C1FD3A21D125DB9009F0D8A /* EmitterView.swift */; };
		2C1FD3A51D125E34009F0D8A /* Sparkle.png in Resources */ = {isa = PBXBuildFile; fileRef = 2C1FD3A41D125E34009F0D8A /* Sparkle.png */; };
		2C1FD3AA1D127EC3009F0D8A /* ViewController.storyboard in Resources */ = {isa = PBXBuildFile; fileRef = 2C1FD3A91D127EC3009F0D8A /* ViewController.storyboard */; };
		2C1FD3AF1D129481009F0D8A /* ProgressView.swift in Sources */ = {isa = PBXBuildFile; fileRef = 2C1FD3AE1D129481009F0D8A /* ProgressView.swift */; };
		2C1FD3B11D129D95009F0D8A /* UICountLabel.swift in Sources */ = {isa = PBXBuildFile; fileRef = 2C1FD3B01D129D95009F0D8A /* UICountLabel.swift */; };
/* End PBXBuildFile section */

/* Begin PBXFileReference section */
		2C11A78E1D13A46B002CBEC2 /* anoww.png */ = {isa = PBXFileReference; lastKnownFileType = image.png; path = anoww.png; sourceTree = "<group>"; };
		2C11A78F1D13A46B002CBEC2 /* snow.png */ = {isa = PBXFileReference; lastKnownFileType = image.png; path = snow.png; sourceTree = "<group>"; };
		2C11A7951D13CE4C002CBEC2 /* CoverFlowLayout.swift */ = {isa = PBXFileReference; fileEncoding = 4; lastKnownFileType = sourcecode.swift; path = CoverFlowLayout.swift; sourceTree = "<group>"; };
		2C11A7971D13CE78002CBEC2 /* CollectionViewController.swift */ = {isa = PBXFileReference; fileEncoding = 4; lastKnownFileType = sourcecode.swift; path = CollectionViewController.swift; sourceTree = "<group>"; };
		2C11A7991D13D025002CBEC2 /* CollectionViewController.storyboard */ = {isa = PBXFileReference; fileEncoding = 4; lastKnownFileType = file.storyboard; path = CollectionViewController.storyboard; sourceTree = "<group>"; };
		2C1FD3871D122BFA009F0D8A /* MyResume.app */ = {isa = PBXFileReference; explicitFileType = wrapper.application; includeInIndex = 0; path = MyResume.app; sourceTree = BUILT_PRODUCTS_DIR; };
		2C1FD38A1D122BFB009F0D8A /* AppDelegate.swift */ = {isa = PBXFileReference; lastKnownFileType = sourcecode.swift; path = AppDelegate.swift; sourceTree = "<group>"; };
		2C1FD38C1D122BFB009F0D8A /* ViewController.swift */ = {isa = PBXFileReference; lastKnownFileType = sourcecode.swift; path = ViewController.swift; sourceTree = "<group>"; };
		2C1FD3911D122BFB009F0D8A /* Assets.xcassets */ = {isa = PBXFileReference; lastKnownFileType = folder.assetcatalog; path = Assets.xcassets; sourceTree = "<group>"; };
		2C1FD3941D122BFB009F0D8A /* Base */ = {isa = PBXFileReference; lastKnownFileType = file.storyboard; name = Base; path = Base.lproj/LaunchScreen.storyboard; sourceTree = "<group>"; };
		2C1FD3961D122BFB009F0D8A /* Info.plist */ = {isa = PBXFileReference; lastKnownFileType = text.plist.xml; path = Info.plist; sourceTree = "<group>"; };
		2C1FD39D1D122D57009F0D8A /* LaunchStartViewController.swift */ = {isa = PBXFileReference; fileEncoding = 4; lastKnownFileType = sourcecode.swift; path = LaunchStartViewController.swift; sourceTree = "<group>"; };
		2C1FD39F1D125D60009F0D8A /* LaunchStartViewController.storyboard */ = {isa = PBXFileReference; fileEncoding = 4; lastKnownFileType = file.storyboard; path = LaunchStartViewController.storyboard; sourceTree = "<group>"; };
		2C1FD3A21D125DB9009F0D8A /* EmitterView.swift */ = {isa = PBXFileReference; fileEncoding = 4; lastKnownFileType = sourcecode.swift; path = EmitterView.swift; sourceTree = "<group>"; };
		2C1FD3A41D125E34009F0D8A /* Sparkle.png */ = {isa = PBXFileReference; lastKnownFileType = image.png; path = Sparkle.png; sourceTree = "<group>"; };
		2C1FD3A91D127EC3009F0D8A /* ViewController.storyboard */ = {isa = PBXFileReference; fileEncoding = 4; lastKnownFileType = file.storyboard; path = ViewController.storyboard; sourceTree = "<group>"; };
		2C1FD3AE1D129481009F0D8A /* ProgressView.swift */ = {isa = PBXFileReference; fileEncoding = 4; lastKnownFileType = sourcecode.swift; path = ProgressView.swift; sourceTree = "<group>"; };
		2C1FD3B01D129D95009F0D8A /* UICountLabel.swift */ = {isa = PBXFileReference; fileEncoding = 4; lastKnownFileType = sourcecode.swift; path = UICountLabel.swift; sourceTree = "<group>"; };
/* End PBXFileReference section */

/* Begin PBXFrameworksBuildPhase section */
		2C1FD3841D122BFA009F0D8A /* Frameworks */ = {
			isa = PBXFrameworksBuildPhase;
			buildActionMask = 2147483647;
			files = (
			);
			runOnlyForDeploymentPostprocessing = 0;
		};
/* End PBXFrameworksBuildPhase section */

/* Begin PBXGroup section */
		2C11A7921D13A46E002CBEC2 /* image */ = {
			isa = PBXGroup;
			children = (
				2C1FD3A41D125E34009F0D8A /* Sparkle.png */,
				2C11A78E1D13A46B002CBEC2 /* anoww.png */,
				2C11A78F1D13A46B002CBEC2 /* snow.png */,
			);
			name = image;
			sourceTree = "<group>";
		};
		2C11A7941D13CE3B002CBEC2 /* View */ = {
			isa = PBXGroup;
			children = (
				2C11A7951D13CE4C002CBEC2 /* CoverFlowLayout.swift */,
			);
			name = View;
			sourceTree = "<group>";
		};
		2C1FD37E1D122BFA009F0D8A = {
			isa = PBXGroup;
			children = (
				2C1FD3891D122BFB009F0D8A /* MyResume */,
				2C1FD3881D122BFA009F0D8A /* Products */,
			);
			sourceTree = "<group>";
		};
		2C1FD3881D122BFA009F0D8A /* Products */ = {
			isa = PBXGroup;
			children = (
				2C1FD3871D122BFA009F0D8A /* MyResume.app */,
			);
			name = Products;
			sourceTree = "<group>";
		};
		2C1FD3891D122BFB009F0D8A /* MyResume */ = {
			isa = PBXGroup;
			children = (
				2C1FD3A71D127E28009F0D8A /* Main */,
				2C1FD3A11D125D88009F0D8A /* Define */,
				2C1FD39C1D122CEE009F0D8A /* LaunchStart */,
				2C1FD38A1D122BFB009F0D8A /* AppDelegate.swift */,
				2C1FD3931D122BFB009F0D8A /* LaunchScreen.storyboard */,
				2C1FD3911D122BFB009F0D8A /* Assets.xcassets */,
				2C1FD3961D122BFB009F0D8A /* Info.plist */,
			);
			path = MyResume;
			sourceTree = "<group>";
		};
		2C1FD39C1D122CEE009F0D8A /* LaunchStart */ = {
			isa = PBXGroup;
			children = (
				2C1FD39D1D122D57009F0D8A /* LaunchStartViewController.swift */,
				2C1FD39F1D125D60009F0D8A /* LaunchStartViewController.storyboard */,
			);
			name = LaunchStart;
			sourceTree = "<group>";
		};
		2C1FD3A11D125D88009F0D8A /* Define */ = {
			isa = PBXGroup;
			children = (
				2C11A7921D13A46E002CBEC2 /* image */,
				2C1FD3A21D125DB9009F0D8A /* EmitterView.swift */,
				2C1FD3AE1D129481009F0D8A /* ProgressView.swift */,
				2C1FD3B01D129D95009F0D8A /* UICountLabel.swift */,
			);
			name = Define;
			sourceTree = "<group>";
		};
		2C1FD3A71D127E28009F0D8A /* Main */ = {
			isa = PBXGroup;
			children = (
				2C11A7941D13CE3B002CBEC2 /* View */,
				2C1FD3A81D127E49009F0D8A /* Controller */,
			);
			name = Main;
			sourceTree = "<group>";
		};
		2C1FD3A81D127E49009F0D8A /* Controller */ = {
			isa = PBXGroup;
			children = (
				2C1FD38C1D122BFB009F0D8A /* ViewController.swift */,
				2C1FD3A91D127EC3009F0D8A /* ViewController.storyboard */,
				2C11A7971D13CE78002CBEC2 /* CollectionViewController.swift */,
				2C11A7991D13D025002CBEC2 /* CollectionViewController.storyboard */,
			);
			name = Controller;
			sourceTree = "<group>";
		};
/* End PBXGroup section */

/* Begin PBXNativeTarget section */
		2C1FD3861D122BFA009F0D8A /* MyResume */ = {
			isa = PBXNativeTarget;
			buildConfigurationList = 2C1FD3991D122BFB009F0D8A /* Build configuration list for PBXNativeTarget "MyResume" */;
			buildPhases = (
				2C1FD3831D122BFA009F0D8A /* Sources */,
				2C1FD3841D122BFA009F0D8A /* Frameworks */,
				2C1FD3851D122BFA009F0D8A /* Resources */,
			);
			buildRules = (
			);
			dependencies = (
			);
			name = MyResume;
			productName = MyResume;
			productReference = 2C1FD3871D122BFA009F0D8A /* MyResume.app */;
			productType = "com.apple.product-type.application";
		};
/* End PBXNativeTarget section */

/* Begin PBXProject section */
		2C1FD37F1D122BFA009F0D8A /* Project object */ = {
			isa = PBXProject;
			attributes = {
				LastSwiftUpdateCheck = 0730;
				LastUpgradeCheck = 0730;
				ORGANIZATIONNAME = fanzz;
				TargetAttributes = {
					2C1FD3861D122BFA009F0D8A = {
						CreatedOnToolsVersion = 7.3.1;
						DevelopmentTeam = 5YB7C48UU5;
					};
				};
			};
			buildConfigurationList = 2C1FD3821D122BFA009F0D8A /* Build configuration list for PBXProject "MyResume" */;
			compatibilityVersion = "Xcode 3.2";
			developmentRegion = English;
			hasScannedForEncodings = 0;
			knownRegions = (
				en,
				Base,
			);
			mainGroup = 2C1FD37E1D122BFA009F0D8A;
			productRefGroup = 2C1FD3881D122BFA009F0D8A /* Products */;
			projectDirPath = "";
			projectRoot = "";
			targets = (
				2C1FD3861D122BFA009F0D8A /* MyResume */,
			);
		};
/* End PBXProject section */

/* Begin PBXResourcesBuildPhase section */
		2C1FD3851D122BFA009F0D8A /* Resources */ = {
			isa = PBXResourcesBuildPhase;
			buildActionMask = 2147483647;
			files = (
				2C1FD3951D122BFB009F0D8A /* LaunchScreen.storyboard in Resources */,
				2C1FD3921D122BFB009F0D8A /* Assets.xcassets in Resources */,
				2C11A7901D13A46B002CBEC2 /* anoww.png in Resources */,
				2C11A79A1D13D025002CBEC2 /* CollectionViewController.storyboard in Resources */,
				2C1FD3A51D125E34009F0D8A /* Sparkle.png in Resources */,
				2C1FD3A01D125D60009F0D8A /* LaunchStartViewController.storyboard in Resources */,
				2C11A7911D13A46B002CBEC2 /* snow.png in Resources */,
				2C1FD3AA1D127EC3009F0D8A /* ViewController.storyboard in Resources */,
			);
			runOnlyForDeploymentPostprocessing = 0;
		};
/* End PBXResourcesBuildPhase section */

/* Begin PBXSourcesBuildPhase section */
		2C1FD3831D122BFA009F0D8A /* Sources */ = {
			isa = PBXSourcesBuildPhase;
			buildActionMask = 2147483647;
			files = (
				2C1FD38D1D122BFB009F0D8A /* ViewController.swift in Sources */,
				2C1FD3A31D125DB9009F0D8A /* EmitterView.swift in Sources */,
				2C1FD3AF1D129481009F0D8A /* ProgressView.swift in Sources */,
				2C11A7961D13CE4C002CBEC2 /* CoverFlowLayout.swift in Sources */,
				2C11A7981D13CE78002CBEC2 /* CollectionViewController.swift in Sources */,
				2C1FD39E1D122D57009F0D8A /* LaunchStartViewController.swift in Sources */,
				2C1FD3B11D129D95009F0D8A /* UICountLabel.swift in Sources */,
				2C1FD38B1D122BFB009F0D8A /* AppDelegate.swift in Sources */,
			);
			runOnlyForDeploymentPostprocessing = 0;
		};
/* End PBXSourcesBuildPhase section */

/* Begin PBXVariantGroup section */
		2C1FD3931D122BFB009F0D8A /* LaunchScreen.storyboard */ = {
			isa = PBXVariantGroup;
			children = (
				2C1FD3941D122BFB009F0D8A /* Base */,
			);
			name = LaunchScreen.storyboard;
			sourceTree = "<group>";
		};
/* End PBXVariantGroup section */

/* Begin XCBuildConfiguration section */
		2C1FD3971D122BFB009F0D8A /* Debug */ = {
			isa = XCBuildConfiguration;
			buildSettings = {
				ALWAYS_SEARCH_USER_PATHS = NO;
				CLANG_ANALYZER_NONNULL = YES;
				CLANG_CXX_LANGUAGE_STANDARD = "gnu++0x";
				CLANG_CXX_LIBRARY = "libc++";
				CLANG_ENABLE_MODULES = YES;
				CLANG_ENABLE_OBJC_ARC = YES;
				CLANG_WARN_BOOL_CONVERSION = YES;
				CLANG_WARN_CONSTANT_CONVERSION = YES;
				CLANG_WARN_DIRECT_OBJC_ISA_USAGE = YES_ERROR;
				CLANG_WARN_EMPTY_BODY = YES;
				CLANG_WARN_ENUM_CONVERSION = YES;
				CLANG_WARN_INT_CONVERSION = YES;
				CLANG_WARN_OBJC_ROOT_CLASS = YES_ERROR;
				CLANG_WARN_UNREACHABLE_CODE = YES;
				CLANG_WARN__DUPLICATE_METHOD_MATCH = YES;
				"CODE_SIGN_IDENTITY[sdk=iphoneos*]" = "iPhone Developer";
				COPY_PHASE_STRIP = NO;
				DEBUG_INFORMATION_FORMAT = dwarf;
				ENABLE_STRICT_OBJC_MSGSEND = YES;
				ENABLE_TESTABILITY = YES;
				GCC_C_LANGUAGE_STANDARD = gnu99;
				GCC_DYNAMIC_NO_PIC = NO;
				GCC_NO_COMMON_BLOCKS = YES;
				GCC_OPTIMIZATION_LEVEL = 0;
				GCC_PREPROCESSOR_DEFINITIONS = (
					"DEBUG=1",
					"$(inherited)",
				);
				GCC_WARN_64_TO_32_BIT_CONVERSION = YES;
				GCC_WARN_ABOUT_RETURN_TYPE = YES_ERROR;
				GCC_WARN_UNDECLARED_SELECTOR = YES;
				GCC_WARN_UNINITIALIZED_AUTOS = YES_AGGRESSIVE;
				GCC_WARN_UNUSED_FUNCTION = YES;
				GCC_WARN_UNUSED_VARIABLE = YES;
				IPHONEOS_DEPLOYMENT_TARGET = 9.3;
				MTL_ENABLE_DEBUG_INFO = YES;
				ONLY_ACTIVE_ARCH = YES;
				SDKROOT = iphoneos;
				SWIFT_OPTIMIZATION_LEVEL = "-Onone";
			};
			name = Debug;
		};
		2C1FD3981D122BFB009F0D8A /* Release */ = {
			isa = XCBuildConfiguration;
			buildSettings = {
				ALWAYS_SEARCH_USER_PATHS = NO;
				CLANG_ANALYZER_NONNULL = YES;
				CLANG_CXX_LANGUAGE_STANDARD = "gnu++0x";
				CLANG_CXX_LIBRARY = "libc++";
				CLANG_ENABLE_MODULES = YES;
				CLANG_ENABLE_OBJC_ARC = YES;
				CLANG_WARN_BOOL_CONVERSION = YES;
				CLANG_WARN_CONSTANT_CONVERSION = YES;
				CLANG_WARN_DIRECT_OBJC_ISA_USAGE = YES_ERROR;
				CLANG_WARN_EMPTY_BODY = YES;
				CLANG_WARN_ENUM_CONVERSION = YES;
				CLANG_WARN_INT_CONVERSION = YES;
				CLANG_WARN_OBJC_ROOT_CLASS = YES_ERROR;
				CLANG_WARN_UNREACHABLE_CODE = YES;
				CLANG_WARN__DUPLICATE_METHOD_MATCH = YES;
				"CODE_SIGN_IDENTITY[sdk=iphoneos*]" = "iPhone Developer";
				COPY_PHASE_STRIP = NO;
				DEBUG_INFORMATION_FORMAT = "dwarf-with-dsym";
				ENABLE_NS_ASSERTIONS = NO;
				ENABLE_STRICT_OBJC_MSGSEND = YES;
				GCC_C_LANGUAGE_STANDARD = gnu99;
				GCC_NO_COMMON_BLOCKS = YES;
				GCC_WARN_64_TO_32_BIT_CONVERSION = YES;
				GCC_WARN_ABOUT_RETURN_TYPE = YES_ERROR;
				GCC_WARN_UNDECLARED_SELECTOR = YES;
				GCC_WARN_UNINITIALIZED_AUTOS = YES_AGGRESSIVE;
				GCC_WARN_UNUSED_FUNCTION = YES;
				GCC_WARN_UNUSED_VARIABLE = YES;
				IPHONEOS_DEPLOYMENT_TARGET = 9.3;
				MTL_ENABLE_DEBUG_INFO = NO;
				SDKROOT = iphoneos;
				VALIDATE_PRODUCT = YES;
			};
			name = Release;
		};
		2C1FD39A1D122BFB009F0D8A /* Debug */ = {
			isa = XCBuildConfiguration;
			buildSettings = {
				ASSETCATALOG_COMPILER_APPICON_NAME = AppIcon;
				GCC_PREFIX_HEADER = /Users/fanzz/Documents/GCDWorkspace/MyResume/MyResume/PrefixHeader.pch;
				INFOPLIST_FILE = MyResume/Info.plist;
				LD_RUNPATH_SEARCH_PATHS = "$(inherited) @executable_path/Frameworks";
				PRODUCT_BUNDLE_IDENTIFIER = cocoa.MyResume;
				PRODUCT_NAME = "$(TARGET_NAME)";
			};
			name = Debug;
		};
		2C1FD39B1D122BFB009F0D8A /* Release */ = {
			isa = XCBuildConfiguration;
			buildSettings = {
				ASSETCATALOG_COMPILER_APPICON_NAME = AppIcon;
				GCC_PREFIX_HEADER = /Users/fanzz/Documents/GCDWorkspace/MyResume/MyResume/PrefixHeader.pch;
				INFOPLIST_FILE = MyResume/Info.plist;
				LD_RUNPATH_SEARCH_PATHS = "$(inherited) @executable_path/Frameworks";
				PRODUCT_BUNDLE_IDENTIFIER = cocoa.MyResume;
				PRODUCT_NAME = "$(TARGET_NAME)";
			};
			name = Release;
		};
/* End XCBuildConfiguration section */

/* Begin XCConfigurationList section */
		2C1FD3821D122BFA009F0D8A /* Build configuration list for PBXProject "MyResume" */ = {
			isa = XCConfigurationList;
			buildConfigurations = (
				2C1FD3971D122BFB009F0D8A /* Debug */,
				2C1FD3981D122BFB009F0D8A /* Release */,
			);
			defaultConfigurationIsVisible = 0;
			defaultConfigurationName = Release;
		};
		2C1FD3991D122BFB009F0D8A /* Build configuration list for PBXNativeTarget "MyResume" */ = {
			isa = XCConfigurationList;
			buildConfigurations = (
				2C1FD39A1D122BFB009F0D8A /* Debug */,
				2C1FD39B1D122BFB009F0D8A /* Release */,
			);
			defaultConfigurationIsVisible = 0;
			defaultConfigurationName = Release;
		};
/* End XCConfigurationList section */
	};
	rootObject = 2C1FD37F1D122BFA009F0D8A /* Project object */;
}
